# This file is automatically @generated by Cargo.
# It is not intended for manual editing.
[[package]]
name = "aho-corasick"
version = "0.7.15"
source = "registry+https://github.com/rust-lang/crates.io-index"
checksum = "7404febffaa47dac81aa44dba71523c9d069b1bdc50a77db41195149e17f68e5"
dependencies = [
 "memchr",
]

[[package]]
name = "atty"
version = "0.2.14"
source = "registry+https://github.com/rust-lang/crates.io-index"
checksum = "d9b39be18770d11421cdb1b9947a45dd3f37e93092cbf377614828a319d5fee8"
dependencies = [
 "hermit-abi",
 "libc",
 "winapi",
]

[[package]]
name = "bit_field"
version = "0.10.1"
source = "registry+https://github.com/rust-lang/crates.io-index"
checksum = "dcb6dd1c2376d2e096796e234a70e17e94cc2d5d54ff8ce42b28cef1d0d359a4"

[[package]]
name = "bitfield"
version = "0.13.2"
source = "registry+https://github.com/rust-lang/crates.io-index"
checksum = "46afbd2983a5d5a7bd740ccb198caf5b82f45c40c09c0eed36052d91cb92e719"

[[package]]
name = "cfg-if"
version = "0.1.10"
source = "registry+https://github.com/rust-lang/crates.io-index"
checksum = "4785bdd1c96b2a846b2bd7cc02e86b6b3dbf14e7e53446c4f54c92a361040822"

[[package]]
name = "core-foundation"
version = "0.7.0"
source = "git+https://github.com/roblabla/core-foundation-rs?branch=for-hidapi#79f64a4d82ea83481f53c4fb91e6919ac4a09762"
dependencies = [
 "core-foundation-sys",
 "libc",
]

[[package]]
name = "core-foundation-sys"
version = "0.7.0"
source = "git+https://github.com/roblabla/core-foundation-rs?branch=for-hidapi#79f64a4d82ea83481f53c4fb91e6919ac4a09762"

[[package]]
name = "env_logger"
version = "0.8.2"
source = "registry+https://github.com/rust-lang/crates.io-index"
checksum = "f26ecb66b4bdca6c1409b40fb255eefc2bd4f6d135dab3c3124f80ffa2a9661e"
dependencies = [
 "atty",
 "humantime",
 "log",
 "regex",
 "termcolor",
]

[[package]]
name = "hermit-abi"
version = "0.1.17"
source = "registry+https://github.com/rust-lang/crates.io-index"
checksum = "5aca5565f760fb5b220e499d72710ed156fdb74e631659e99377d9ebfbd13ae8"
dependencies = [
 "libc",
]

[[package]]
name = "hidapi-rs"
version = "0.1.0"
dependencies = [
 "bit_field",
 "bitfield",
 "core-foundation",
 "core-foundation-sys",
 "env_logger",
 "io-kit-sys",
 "ioctl-sys",
 "log",
 "mach",
 "scopeguard",
 "widestring",
 "winapi",
]

[[package]]
name = "humantime"
version = "2.0.1"
source = "registry+https://github.com/rust-lang/crates.io-index"
checksum = "3c1ad908cc71012b7bea4d0c53ba96a8cba9962f048fa68d143376143d863b7a"

[[package]]
name = "io-kit-sys"
version = "0.1.0"
source = "git+https://github.com/roblabla/io-kit-rs#833d5002e96750d96969347ccd1d819d159247a0"
dependencies = [
 "core-foundation-sys",
 "mach",
]

[[package]]
name = "ioctl-sys"
version = "0.6.0"
source = "registry+https://github.com/rust-lang/crates.io-index"
checksum = "1c429fffa658f288669529fc26565f728489a2e39bc7b24a428aaaf51355182e"

[[package]]
name = "lazy_static"
version = "1.4.0"
source = "registry+https://github.com/rust-lang/crates.io-index"
checksum = "e2abad23fbc42b3700f2f279844dc832adb2b2eb069b2df918f455c4e18cc646"

[[package]]
name = "libc"
version = "0.2.68"
source = "registry+https://github.com/rust-lang/crates.io-index"
checksum = "dea0c0405123bba743ee3f91f49b1c7cfb684eef0da0a50110f758ccf24cdff0"

[[package]]
name = "log"
version = "0.4.11"
source = "registry+https://github.com/rust-lang/crates.io-index"
checksum = "4fabed175da42fed1fa0746b0ea71f412aa9d35e76e95e59b192c64b9dc2bf8b"
dependencies = [
 "cfg-if",
]

[[package]]
name = "mach"
version = "0.3.2"
source = "git+https://github.com/roblabla/mach?branch=for-hidapi#e504886761be3ace4541ca319cc579af4b39250f"
dependencies = [
 "libc",
]

[[package]]
name = "memchr"
version = "2.3.4"
source = "registry+https://github.com/rust-lang/crates.io-index"
checksum = "0ee1c47aaa256ecabcaea351eae4a9b01ef39ed810004e298d2511ed284b1525"

[[package]]
name = "regex"
version = "1.4.2"
source = "registry+https://github.com/rust-lang/crates.io-index"
checksum = "38cf2c13ed4745de91a5eb834e11c00bcc3709e773173b2ce4c56c9fbde04b9c"
dependencies = [
 "aho-corasick",
 "memchr",
 "regex-syntax",
 "thread_local",
]

[[package]]
name = "regex-syntax"
version = "0.6.21"
source = "registry+https://github.com/rust-lang/crates.io-index"
checksum = "3b181ba2dcf07aaccad5448e8ead58db5b742cf85dfe035e2227f137a539a189"

[[package]]
name = "scopeguard"
version = "1.1.0"
source = "registry+https://github.com/rust-lang/crates.io-index"
checksum = "d29ab0c6d3fc0ee92fe66e2d99f700eab17a8d57d1c1d3b748380fb20baa78cd"

[[package]]
name = "termcolor"
version = "1.1.2"
source = "registry+https://github.com/rust-lang/crates.io-index"
checksum = "2dfed899f0eb03f32ee8c6a0aabdb8a7949659e3466561fc0adf54e26d88c5f4"
dependencies = [
 "winapi-util",
]

[[package]]
name = "thread_local"
version = "1.0.1"
source = "registry+https://github.com/rust-lang/crates.io-index"
checksum = "d40c6d1b69745a6ec6fb1ca717914848da4b44ae29d9b3080cbee91d72a69b14"
dependencies = [
 "lazy_static",
]

[[package]]
name = "widestring"
version = "0.4.0"
source = "registry+https://github.com/rust-lang/crates.io-index"
checksum = "effc0e4ff8085673ea7b9b2e3c73f6bd4d118810c9009ed8f1e16bd96c331db6"

[[package]]
name = "winapi"
version = "0.3.8"
source = "registry+https://github.com/rust-lang/crates.io-index"
checksum = "8093091eeb260906a183e6ae1abdba2ef5ef2257a21801128899c3fc699229c6"
dependencies = [
 "winapi-i686-pc-windows-gnu",
 "winapi-x86_64-pc-windows-gnu",
]

[[package]]
name = "winapi-i686-pc-windows-gnu"
version = "0.4.0"
source = "registry+https://github.com/rust-lang/crates.io-index"
checksum = "ac3b87c63620426dd9b991e5ce0329eff545bccbbb34f3be09ff6fb6ab51b7b6"

[[package]]
name = "winapi-util"
version = "0.1.5"
source = "registry+https://github.com/rust-lang/crates.io-index"
checksum = "70ec6ce85bb158151cae5e5c87f95a8e97d2c0c4b001223f33a334e3ce5de178"
dependencies = [
 "winapi",
]

[[package]]
name = "winapi-x86_64-pc-windows-gnu"
version = "0.4.0"
source = "registry+https://github.com/rust-lang/crates.io-index"
checksum = "712e227841d057c1ee1cd2fb22fa7e5a5461ae8e48fa2ca79ec42cfc1931183f"
