# This file is automatically @generated by Cargo.
# It is not intended for manual editing.
[[package]]
name = "core-foundation"
version = "0.7.0"
source = "git+https://github.com/roblabla/core-foundation-rs?branch=for-hidapi#79f64a4d82ea83481f53c4fb91e6919ac4a09762"
dependencies = [
 "core-foundation-sys",
 "libc",
]

[[package]]
name = "core-foundation-sys"
version = "0.7.0"
source = "git+https://github.com/roblabla/core-foundation-rs?branch=for-hidapi#79f64a4d82ea83481f53c4fb91e6919ac4a09762"

[[package]]
name = "hidapi-rs"
version = "0.1.0"
dependencies = [
 "core-foundation",
 "core-foundation-sys",
 "io-kit-sys",
 "mach",
 "scopeguard",
 "widestring",
 "winapi",
]

[[package]]
name = "io-kit-sys"
version = "0.1.0"
source = "git+https://github.com/roblabla/io-kit-rs#833d5002e96750d96969347ccd1d819d159247a0"
dependencies = [
 "core-foundation-sys",
 "mach",
]

[[package]]
name = "libc"
version = "0.2.68"
source = "registry+https://github.com/rust-lang/crates.io-index"
checksum = "dea0c0405123bba743ee3f91f49b1c7cfb684eef0da0a50110f758ccf24cdff0"

[[package]]
name = "mach"
version = "0.3.2"
source = "git+https://github.com/roblabla/mach?branch=for-hidapi#e504886761be3ace4541ca319cc579af4b39250f"
dependencies = [
 "libc",
]

[[package]]
name = "scopeguard"
version = "1.1.0"
source = "registry+https://github.com/rust-lang/crates.io-index"
checksum = "d29ab0c6d3fc0ee92fe66e2d99f700eab17a8d57d1c1d3b748380fb20baa78cd"

[[package]]
name = "widestring"
version = "0.4.0"
source = "registry+https://github.com/rust-lang/crates.io-index"
checksum = "effc0e4ff8085673ea7b9b2e3c73f6bd4d118810c9009ed8f1e16bd96c331db6"

[[package]]
name = "winapi"
version = "0.3.8"
source = "registry+https://github.com/rust-lang/crates.io-index"
checksum = "8093091eeb260906a183e6ae1abdba2ef5ef2257a21801128899c3fc699229c6"
dependencies = [
 "winapi-i686-pc-windows-gnu",
 "winapi-x86_64-pc-windows-gnu",
]

[[package]]
name = "winapi-i686-pc-windows-gnu"
version = "0.4.0"
source = "registry+https://github.com/rust-lang/crates.io-index"
checksum = "ac3b87c63620426dd9b991e5ce0329eff545bccbbb34f3be09ff6fb6ab51b7b6"

[[package]]
name = "winapi-x86_64-pc-windows-gnu"
version = "0.4.0"
source = "registry+https://github.com/rust-lang/crates.io-index"
checksum = "712e227841d057c1ee1cd2fb22fa7e5a5461ae8e48fa2ca79ec42cfc1931183f"
